
Microsoft Visual Studio Solution File, Format Version 12.00
# Visual Studio Version 17
VisualStudioVersion = 17.5.002.0
MinimumVisualStudioVersion = 10.0.40219.1
Project("{9A19103F-16F7-4668-BE54-9A1E7A4F7556}") = "nw6m6y", "nw6m6y.csproj", "{4456CF44-0E27-4BC4-ADF6-AA50CE8C00D2}"
EndProject
Global
	GlobalSection(SolutionConfigurationPlatforms) = preSolution
		Debug|Any CPU = Debug|Any CPU
		Release|Any CPU = Release|Any CPU
	EndGlobalSection
	GlobalSection(ProjectConfigurationPlatforms) = postSolution
		{4456CF44-0E27-4BC4-ADF6-AA50CE8C00D2}.Debug|Any CPU.ActiveCfg = Debug|Any CPU
		{4456CF44-0E27-4BC4-ADF6-AA50CE8C00D2}.Debug|Any CPU.Build.0 = Debug|Any CPU
		{4456CF44-0E27-4BC4-ADF6-AA50CE8C00D2}.Release|Any CPU.ActiveCfg = Release|Any CPU
		{4456CF44-0E27-4BC4-ADF6-AA50CE8C00D2}.Release|Any CPU.Build.0 = Release|Any CPU
	EndGlobalSection
	GlobalSection(SolutionProperties) = preSolution
		HideSolutionNode = FALSE
	EndGlobalSection
	GlobalSection(ExtensibilityGlobals) = postSolution
		SolutionGuid = {4A9225BE-353A-4A1A-B7B4-4312A44D5832}
	EndGlobalSection
EndGlobal
