
Microsoft Visual Studio Solution File, Format Version 12.00
# Visual Studio Version 17
VisualStudioVersion = 17.0.31903.59
MinimumVisualStudioVersion = 10.0.40219.1
Project("{9A19103F-16F7-4668-BE54-9A1E7A4F7556}") = "nw6m6y", "nw6m6y\nw6m6y.csproj", "{22237EFF-818F-49A2-885A-F121B5E8A856}"
EndProject
Project("{FAE04EC0-301F-11D3-BF4B-00C04F79EFBC}") = "BeadandoTest", "BeadandoTest\BeadandoTest.csproj", "{A615DC83-7B6E-4E92-B486-7F4C2F5E3474}"
EndProject
Global
	GlobalSection(SolutionConfigurationPlatforms) = preSolution
		Debug|Any CPU = Debug|Any CPU
		Release|Any CPU = Release|Any CPU
	EndGlobalSection
	GlobalSection(ProjectConfigurationPlatforms) = postSolution
		{22237EFF-818F-49A2-885A-F121B5E8A856}.Debug|Any CPU.ActiveCfg = Debug|Any CPU
		{22237EFF-818F-49A2-885A-F121B5E8A856}.Debug|Any CPU.Build.0 = Debug|Any CPU
		{22237EFF-818F-49A2-885A-F121B5E8A856}.Release|Any CPU.ActiveCfg = Release|Any CPU
		{22237EFF-818F-49A2-885A-F121B5E8A856}.Release|Any CPU.Build.0 = Release|Any CPU
		{A615DC83-7B6E-4E92-B486-7F4C2F5E3474}.Debug|Any CPU.ActiveCfg = Debug|Any CPU
		{A615DC83-7B6E-4E92-B486-7F4C2F5E3474}.Debug|Any CPU.Build.0 = Debug|Any CPU
		{A615DC83-7B6E-4E92-B486-7F4C2F5E3474}.Release|Any CPU.ActiveCfg = Release|Any CPU
		{A615DC83-7B6E-4E92-B486-7F4C2F5E3474}.Release|Any CPU.Build.0 = Release|Any CPU
	EndGlobalSection
	GlobalSection(SolutionProperties) = preSolution
		HideSolutionNode = FALSE
	EndGlobalSection
	GlobalSection(ExtensibilityGlobals) = postSolution
		SolutionGuid = {9AC471B9-04AD-46BD-9CB8-135928991AA9}
	EndGlobalSection
EndGlobal
